
Microsoft Visual Studio Solution File, Format Version 12.00
# Visual Studio Version 17
VisualStudioVersion = 17.14.36930.0
MinimumVisualStudioVersion = 10.0.40219.1
Project("{FAE04EC0-301F-11D3-BF4B-00C04F79EFBC}") = "HotSpringsExpanded", "HotSpringsExpanded\HotSpringsExpanded.csproj", "{6CDCF8CB-D57B-4390-BC84-B38A43A2CF83}"
EndProject
Project("{FAE04EC0-301F-11D3-BF4B-00C04F79EFBC}") = "CakeBuild", "ZZCakeBuild\CakeBuild.csproj", "{D99759EC-05CB-4EA4-8EF6-87C3D3E4305D}"
EndProject
Project("{FAE04EC0-301F-11D3-BF4B-00C04F79EFBC}") = "HotSpringsExpanded.Tests", "HotSpringsExpanded.Tests\HotSpringsExpanded.Tests.csproj", "{DF70B671-9E69-4866-BBC1-6C9659654CE3}"
EndProject
Global
	GlobalSection(SolutionConfigurationPlatforms) = preSolution
		Debug|Any CPU = Debug|Any CPU
		Debug|x64 = Debug|x64
		Debug|x86 = Debug|x86
		Release|Any CPU = Release|Any CPU
		Release|x64 = Release|x64
		Release|x86 = Release|x86
	EndGlobalSection
	GlobalSection(ProjectConfigurationPlatforms) = postSolution
		{6CDCF8CB-D57B-4390-BC84-B38A43A2CF83}.Debug|Any CPU.ActiveCfg = Debug|Any CPU
		{6CDCF8CB-D57B-4390-BC84-B38A43A2CF83}.Debug|Any CPU.Build.0 = Debug|Any CPU
		{6CDCF8CB-D57B-4390-BC84-B38A43A2CF83}.Debug|x64.ActiveCfg = Debug|Any CPU
		{6CDCF8CB-D57B-4390-BC84-B38A43A2CF83}.Debug|x64.Build.0 = Debug|Any CPU
		{6CDCF8CB-D57B-4390-BC84-B38A43A2CF83}.Debug|x86.ActiveCfg = Debug|Any CPU
		{6CDCF8CB-D57B-4390-BC84-B38A43A2CF83}.Debug|x86.Build.0 = Debug|Any CPU
		{6CDCF8CB-D57B-4390-BC84-B38A43A2CF83}.Release|Any CPU.ActiveCfg = Release|Any CPU
		{6CDCF8CB-D57B-4390-BC84-B38A43A2CF83}.Release|Any CPU.Build.0 = Release|Any CPU
		{6CDCF8CB-D57B-4390-BC84-B38A43A2CF83}.Release|x64.ActiveCfg = Release|Any CPU
		{6CDCF8CB-D57B-4390-BC84-B38A43A2CF83}.Release|x64.Build.0 = Release|Any CPU
		{6CDCF8CB-D57B-4390-BC84-B38A43A2CF83}.Release|x86.ActiveCfg = Release|Any CPU
		{6CDCF8CB-D57B-4390-BC84-B38A43A2CF83}.Release|x86.Build.0 = Release|Any CPU
		{D99759EC-05CB-4EA4-8EF6-87C3D3E4305D}.Debug|Any CPU.ActiveCfg = Debug|Any CPU
		{D99759EC-05CB-4EA4-8EF6-87C3D3E4305D}.Debug|Any CPU.Build.0 = Debug|Any CPU
		{D99759EC-05CB-4EA4-8EF6-87C3D3E4305D}.Debug|x64.ActiveCfg = Debug|Any CPU
		{D99759EC-05CB-4EA4-8EF6-87C3D3E4305D}.Debug|x64.Build.0 = Debug|Any CPU
		{D99759EC-05CB-4EA4-8EF6-87C3D3E4305D}.Debug|x86.ActiveCfg = Debug|Any CPU
		{D99759EC-05CB-4EA4-8EF6-87C3D3E4305D}.Debug|x86.Build.0 = Debug|Any CPU
		{D99759EC-05CB-4EA4-8EF6-87C3D3E4305D}.Release|Any CPU.ActiveCfg = Release|Any CPU
		{D99759EC-05CB-4EA4-8EF6-87C3D3E4305D}.Release|Any CPU.Build.0 = Release|Any CPU
		{D99759EC-05CB-4EA4-8EF6-87C3D3E4305D}.Release|x64.ActiveCfg = Release|Any CPU
		{D99759EC-05CB-4EA4-8EF6-87C3D3E4305D}.Release|x64.Build.0 = Release|Any CPU
		{D99759EC-05CB-4EA4-8EF6-87C3D3E4305D}.Release|x86.ActiveCfg = Release|Any CPU
		{D99759EC-05CB-4EA4-8EF6-87C3D3E4305D}.Release|x86.Build.0 = Release|Any CPU
		{DF70B671-9E69-4866-BBC1-6C9659654CE3}.Debug|Any CPU.ActiveCfg = Debug|Any CPU
		{DF70B671-9E69-4866-BBC1-6C9659654CE3}.Debug|Any CPU.Build.0 = Debug|Any CPU
		{DF70B671-9E69-4866-BBC1-6C9659654CE3}.Debug|x64.ActiveCfg = Debug|Any CPU
		{DF70B671-9E69-4866-BBC1-6C9659654CE3}.Debug|x64.Build.0 = Debug|Any CPU
		{DF70B671-9E69-4866-BBC1-6C9659654CE3}.Debug|x86.ActiveCfg = Debug|Any CPU
		{DF70B671-9E69-4866-BBC1-6C9659654CE3}.Debug|x86.Build.0 = Debug|Any CPU
		{DF70B671-9E69-4866-BBC1-6C9659654CE3}.Release|Any CPU.ActiveCfg = Release|Any CPU
		{DF70B671-9E69-4866-BBC1-6C9659654CE3}.Release|Any CPU.Build.0 = Release|Any CPU
		{DF70B671-9E69-4866-BBC1-6C9659654CE3}.Release|x64.ActiveCfg = Release|Any CPU
		{DF70B671-9E69-4866-BBC1-6C9659654CE3}.Release|x64.Build.0 = Release|Any CPU
		{DF70B671-9E69-4866-BBC1-6C9659654CE3}.Release|x86.ActiveCfg = Release|Any CPU
		{DF70B671-9E69-4866-BBC1-6C9659654CE3}.Release|x86.Build.0 = Release|Any CPU
	EndGlobalSection
	GlobalSection(SolutionProperties) = preSolution
		HideSolutionNode = FALSE
	EndGlobalSection
	GlobalSection(ExtensibilityGlobals) = postSolution
		SolutionGuid = {85226D68-E626-46E5-944E-83EF3ECDDD2F}
	EndGlobalSection
EndGlobal
